{
  "version": 4,
  "terraform_version": "1.5.7",
  "serial": 19,
  "lineage": "c51460cf-627b-8f5b-4c7c-20485912434f",
  "outputs": {
    "postgresql_fqdn": {
      "value": "pgflexible-server.postgres.database.azure.com",
      "type": "string"
    }
  },
  "resources": [
    {
      "mode": "managed",
      "type": "azurerm_log_analytics_workspace",
      "name": "law",
      "provider": "provider[\"registry.terraform.io/hashicorp/azurerm\"]",
      "instances": [
        {
          "schema_version": 3,
          "attributes": {
            "allow_resource_only_permissions": true,
            "cmk_for_query_forced": false,
            "daily_quota_gb": -1,
            "data_collection_rule_id": "",
            "id": "/subscriptions/fb9d2abb-8d42-435b-bc3f-92c2ff1c0b7d/resourceGroups/rg-postgres-demo/providers/Microsoft.OperationalInsights/workspaces/law-postgres-monitor",
            "identity": [],
            "immediate_data_purge_on_30_days_enabled": false,
            "internet_ingestion_enabled": true,
            "internet_query_enabled": true,
            "local_authentication_disabled": false,
            "location": "eastus",
            "name": "law-postgres-monitor",
            "primary_shared_key": "DfPEsJgUbFZrbzy/73mnUuaaLsvR28zdHDbGt4sYPUoFcm2RUShh6cU+Q76GfovXChfsunyc31xos7rwme7Y6A==",
            "reservation_capacity_in_gb_per_day": null,
            "resource_group_name": "rg-postgres-demo",
            "retention_in_days": 30,
            "secondary_shared_key": "fTFVztLXfxmBn8kkl89KzECP/nB80vRLWCnBAKFh5v9pesLAF6MMQu7aWqGfjz4FfpvjWIDF1Q6pzWoi2+vlHg==",
            "sku": "PerGB2018",
            "tags": {},
            "timeouts": null,
            "workspace_id": "5910d6e3-33ae-47a3-8953-8add2b08136c"
          },
          "sensitive_attributes": [],
          "private": "eyJlMmJmYjczMC1lY2FhLTExZTYtOGY4OC0zNDM2M2JjN2M0YzAiOnsiY3JlYXRlIjoxODAwMDAwMDAwMDAwLCJkZWxldGUiOjE4MDAwMDAwMDAwMDAsInJlYWQiOjMwMDAwMDAwMDAwMCwidXBkYXRlIjoxODAwMDAwMDAwMDAwfSwic2NoZW1hX3ZlcnNpb24iOiIzIn0=",
          "dependencies": [
            "azurerm_resource_group.rg"
          ]
        }
      ]
    },
    {
      "mode": "managed",
      "type": "azurerm_monitor_diagnostic_setting",
      "name": "diag",
      "provider": "provider[\"registry.terraform.io/hashicorp/azurerm\"]",
      "instances": [
        {
          "schema_version": 0,
          "attributes": {
            "enabled_log": [
              {
                "category": "PostgreSQLLogs",
                "category_group": "",
                "retention_policy": [
                  {
                    "days": 0,
                    "enabled": false
                  }
                ]
              }
            ],
            "eventhub_authorization_rule_id": "",
            "eventhub_name": "",
            "id": "/subscriptions/fb9d2abb-8d42-435b-bc3f-92c2ff1c0b7d/resourceGroups/rg-postgres-demo/providers/Microsoft.DBforPostgreSQL/flexibleServers/pgflexible-server|diag-postgres",
            "log": [
              {
                "category": "PostgreSQLLogs",
                "category_group": "",
                "enabled": true,
                "retention_policy": [
                  {
                    "days": null,
                    "enabled": false
                  }
                ]
              }
            ],
            "log_analytics_destination_type": "",
            "log_analytics_workspace_id": "/subscriptions/fb9d2abb-8d42-435b-bc3f-92c2ff1c0b7d/resourceGroups/rg-postgres-demo/providers/Microsoft.OperationalInsights/workspaces/law-postgres-monitor",
            "metric": [
              {
                "category": "AllMetrics",
                "enabled": true,
                "retention_policy": [
                  {
                    "days": null,
                    "enabled": false
                  }
                ]
              }
            ],
            "name": "diag-postgres",
            "partner_solution_id": null,
            "storage_account_id": null,
            "target_resource_id": "/subscriptions/fb9d2abb-8d42-435b-bc3f-92c2ff1c0b7d/resourceGroups/rg-postgres-demo/providers/Microsoft.DBforPostgreSQL/flexibleServers/pgflexible-server",
            "timeouts": null
          },
          "sensitive_attributes": [],
          "private": "eyJlMmJmYjczMC1lY2FhLTExZTYtOGY4OC0zNDM2M2JjN2M0YzAiOnsiY3JlYXRlIjoxODAwMDAwMDAwMDAwLCJkZWxldGUiOjM2MDAwMDAwMDAwMDAsInJlYWQiOjMwMDAwMDAwMDAwMCwidXBkYXRlIjoxODAwMDAwMDAwMDAwfX0=",
          "dependencies": [
            "azurerm_log_analytics_workspace.law",
            "azurerm_postgresql_flexible_server.postgres",
            "azurerm_resource_group.rg"
          ]
        }
      ]
    },
    {
      "mode": "managed",
      "type": "azurerm_postgresql_flexible_server",
      "name": "postgres",
      "provider": "provider[\"registry.terraform.io/hashicorp/azurerm\"]",
      "instances": [
        {
          "schema_version": 0,
          "attributes": {
            "administrator_login": "devuser",
            "administrator_password": "123",
            "authentication": [
              {
                "active_directory_auth_enabled": false,
                "password_auth_enabled": true,
                "tenant_id": ""
              }
            ],
            "auto_grow_enabled": false,
            "backup_retention_days": 7,
            "create_mode": null,
            "customer_managed_key": [],
            "delegated_subnet_id": "",
            "fqdn": "pgflexible-server.postgres.database.azure.com",
            "geo_redundant_backup_enabled": false,
            "high_availability": [],
            "id": "/subscriptions/fb9d2abb-8d42-435b-bc3f-92c2ff1c0b7d/resourceGroups/rg-postgres-demo/providers/Microsoft.DBforPostgreSQL/flexibleServers/pgflexible-server",
            "identity": [],
            "location": "eastus",
            "maintenance_window": [],
            "name": "pgflexible-server",
            "point_in_time_restore_time_in_utc": null,
            "private_dns_zone_id": "",
            "public_network_access_enabled": true,
            "replication_role": "",
            "resource_group_name": "rg-postgres-demo",
            "sku_name": "GP_Standard_D2s_v3",
            "source_server_id": null,
            "storage_mb": 32768,
            "storage_tier": "P4",
            "tags": null,
            "timeouts": null,
            "version": "13",
            "zone": "1"
          },
          "sensitive_attributes": [],
          "private": "eyJlMmJmYjczMC1lY2FhLTExZTYtOGY4OC0zNDM2M2JjN2M0YzAiOnsiY3JlYXRlIjozNjAwMDAwMDAwMDAwLCJkZWxldGUiOjM2MDAwMDAwMDAwMDAsInJlYWQiOjMwMDAwMDAwMDAwMCwidXBkYXRlIjozNjAwMDAwMDAwMDAwfX0=",
          "dependencies": [
            "azurerm_resource_group.rg"
          ]
        }
      ]
    },
    {
      "mode": "managed",
      "type": "azurerm_postgresql_flexible_server_firewall_rule",
      "name": "allow_all",
      "provider": "provider[\"registry.terraform.io/hashicorp/azurerm\"]",
      "instances": [
        {
          "schema_version": 0,
          "attributes": {
            "end_ip_address": "255.255.255.255",
            "id": "/subscriptions/fb9d2abb-8d42-435b-bc3f-92c2ff1c0b7d/resourceGroups/rg-postgres-demo/providers/Microsoft.DBforPostgreSQL/flexibleServers/pgflexible-server/firewallRules/AllowAll",
            "name": "AllowAll",
            "server_id": "/subscriptions/fb9d2abb-8d42-435b-bc3f-92c2ff1c0b7d/resourceGroups/rg-postgres-demo/providers/Microsoft.DBforPostgreSQL/flexibleServers/pgflexible-server",
            "start_ip_address": "0.0.0.0",
            "timeouts": null
          },
          "sensitive_attributes": [],
          "private": "eyJlMmJmYjczMC1lY2FhLTExZTYtOGY4OC0zNDM2M2JjN2M0YzAiOnsiY3JlYXRlIjoxODAwMDAwMDAwMDAwLCJkZWxldGUiOjE4MDAwMDAwMDAwMDAsInJlYWQiOjMwMDAwMDAwMDAwMCwidXBkYXRlIjoxODAwMDAwMDAwMDAwfX0=",
          "dependencies": [
            "azurerm_postgresql_flexible_server.postgres",
            "azurerm_resource_group.rg"
          ]
        }
      ]
    },
    {
      "mode": "managed",
      "type": "azurerm_resource_group",
      "name": "rg",
      "provider": "provider[\"registry.terraform.io/hashicorp/azurerm\"]",
      "instances": [
        {
          "schema_version": 0,
          "attributes": {
            "id": "/subscriptions/fb9d2abb-8d42-435b-bc3f-92c2ff1c0b7d/resourceGroups/rg-postgres-demo",
            "location": "eastus",
            "managed_by": "",
            "name": "rg-postgres-demo",
            "tags": {},
            "timeouts": null
          },
          "sensitive_attributes": [],
          "private": "eyJlMmJmYjczMC1lY2FhLTExZTYtOGY4OC0zNDM2M2JjN2M0YzAiOnsiY3JlYXRlIjo1NDAwMDAwMDAwMDAwLCJkZWxldGUiOjU0MDAwMDAwMDAwMDAsInJlYWQiOjMwMDAwMDAwMDAwMCwidXBkYXRlIjo1NDAwMDAwMDAwMDAwfX0="
        }
      ]
    },
    {
      "mode": "managed",
      "type": "azurerm_subnet",
      "name": "subnet",
      "provider": "provider[\"registry.terraform.io/hashicorp/azurerm\"]",
      "instances": [
        {
          "schema_version": 0,
          "attributes": {
            "address_prefixes": [
              "10.0.1.0/24"
            ],
            "default_outbound_access_enabled": true,
            "delegation": [],
            "enforce_private_link_endpoint_network_policies": false,
            "enforce_private_link_service_network_policies": false,
            "id": "/subscriptions/fb9d2abb-8d42-435b-bc3f-92c2ff1c0b7d/resourceGroups/rg-postgres-demo/providers/Microsoft.Network/virtualNetworks/vnet-postgres/subnets/snet-postgres",
            "name": "snet-postgres",
            "private_endpoint_network_policies": "Enabled",
            "private_endpoint_network_policies_enabled": true,
            "private_link_service_network_policies_enabled": true,
            "resource_group_name": "rg-postgres-demo",
            "service_endpoint_policy_ids": [],
            "service_endpoints": [],
            "timeouts": null,
            "virtual_network_name": "vnet-postgres"
          },
          "sensitive_attributes": [],
          "private": "eyJlMmJmYjczMC1lY2FhLTExZTYtOGY4OC0zNDM2M2JjN2M0YzAiOnsiY3JlYXRlIjoxODAwMDAwMDAwMDAwLCJkZWxldGUiOjE4MDAwMDAwMDAwMDAsInJlYWQiOjMwMDAwMDAwMDAwMCwidXBkYXRlIjoxODAwMDAwMDAwMDAwfX0=",
          "dependencies": [
            "azurerm_resource_group.rg",
            "azurerm_virtual_network.vnet"
          ]
        }
      ]
    },
    {
      "mode": "managed",
      "type": "azurerm_virtual_network",
      "name": "vnet",
      "provider": "provider[\"registry.terraform.io/hashicorp/azurerm\"]",
      "instances": [
        {
          "schema_version": 0,
          "attributes": {
            "address_space": [
              "10.0.0.0/16"
            ],
            "bgp_community": "",
            "ddos_protection_plan": [],
            "dns_servers": [],
            "edge_zone": "",
            "encryption": [],
            "flow_timeout_in_minutes": 0,
            "guid": "2ca328a1-e7f4-47ed-9d6a-2d7265e7ed84",
            "id": "/subscriptions/fb9d2abb-8d42-435b-bc3f-92c2ff1c0b7d/resourceGroups/rg-postgres-demo/providers/Microsoft.Network/virtualNetworks/vnet-postgres",
            "location": "eastus",
            "name": "vnet-postgres",
            "resource_group_name": "rg-postgres-demo",
            "subnet": [
              {
                "address_prefix": "10.0.1.0/24",
                "id": "/subscriptions/fb9d2abb-8d42-435b-bc3f-92c2ff1c0b7d/resourceGroups/rg-postgres-demo/providers/Microsoft.Network/virtualNetworks/vnet-postgres/subnets/snet-postgres",
                "name": "snet-postgres",
                "security_group": ""
              }
            ],
            "tags": {},
            "timeouts": null
          },
          "sensitive_attributes": [],
          "private": "eyJlMmJmYjczMC1lY2FhLTExZTYtOGY4OC0zNDM2M2JjN2M0YzAiOnsiY3JlYXRlIjoxODAwMDAwMDAwMDAwLCJkZWxldGUiOjE4MDAwMDAwMDAwMDAsInJlYWQiOjMwMDAwMDAwMDAwMCwidXBkYXRlIjoxODAwMDAwMDAwMDAwfX0=",
          "dependencies": [
            "azurerm_resource_group.rg"
          ]
        }
      ]
    }
  ],
  "check_results": null
}
